
Microsoft Visual Studio Solution File, Format Version 12.00
# Visual Studio Version 17
VisualStudioVersion = 17.7.34024.191
MinimumVisualStudioVersion = 10.0.40219.1
Project("{9A19103F-16F7-4668-BE54-9A1E7A4F7556}") = "Task1", "Task1.csproj", "{5CEAE316-BC8D-4207-AB51-FA992E9D9BCC}"
EndProject
Project("{9A19103F-16F7-4668-BE54-9A1E7A4F7556}") = "Task1Tests", "..\Task1Tests\Task1Tests.csproj", "{DE162E16-AE0C-4851-8078-D5BB5AA79837}"
EndProject
Project("{9A19103F-16F7-4668-BE54-9A1E7A4F7556}") = "Task2", "..\Task2\Task2.csproj", "{322D8CF7-9EC7-4221-A0FE-0A9815722C19}"
EndProject
Project("{9A19103F-16F7-4668-BE54-9A1E7A4F7556}") = "Task2Tests", "..\Task2Tests\Task2Tests.csproj", "{F045E29D-B31B-41BC-918E-03B5B2EA31CE}"
EndProject
Project("{9A19103F-16F7-4668-BE54-9A1E7A4F7556}") = "Task3", "..\Task3\Task3.csproj", "{262C1115-C8BB-4C73-8E34-7B6974907E55}"
EndProject
Project("{9A19103F-16F7-4668-BE54-9A1E7A4F7556}") = "Task3Tests", "..\Task3Test\Task3Tests.csproj", "{8A370985-C7A2-4443-A388-2E4B7DFB7089}"
EndProject
Project("{9A19103F-16F7-4668-BE54-9A1E7A4F7556}") = "Task4", "..\Task4\Task4.csproj", "{6C00FF2B-DB14-4CAC-BA1A-1B1B0CDC23F4}"
EndProject
Project("{9A19103F-16F7-4668-BE54-9A1E7A4F7556}") = "Task4Tests", "..\Task4Test\Task4Tests.csproj", "{376DB155-0CBA-4CAB-9512-F9DD2C1F32BB}"
EndProject
Project("{9A19103F-16F7-4668-BE54-9A1E7A4F7556}") = "Task5", "..\Task5\Task5.csproj", "{08363F99-66A3-4B36-B643-2BB0311D041B}"
EndProject
Project("{9A19103F-16F7-4668-BE54-9A1E7A4F7556}") = "Task5Tests", "..\Task5Tests\Task5Tests.csproj", "{CCFDF0DE-0F32-47A2-A2D5-626B0812BC6E}"
EndProject
Project("{FAE04EC0-301F-11D3-BF4B-00C04F79EFBC}") = "Task6", "..\Task6\Task6.csproj", "{C435CBAB-E625-4354-9C8D-3A94DA47039E}"
EndProject
Project("{FAE04EC0-301F-11D3-BF4B-00C04F79EFBC}") = "Task6Tests", "..\Task6Tests\Task6Tests.csproj", "{321B3206-60DC-4CE4-A2F8-1932C5687064}"
EndProject
Global
	GlobalSection(SolutionConfigurationPlatforms) = preSolution
		Debug|Any CPU = Debug|Any CPU
		Release|Any CPU = Release|Any CPU
	EndGlobalSection
	GlobalSection(ProjectConfigurationPlatforms) = postSolution
		{5CEAE316-BC8D-4207-AB51-FA992E9D9BCC}.Debug|Any CPU.ActiveCfg = Debug|Any CPU
		{5CEAE316-BC8D-4207-AB51-FA992E9D9BCC}.Debug|Any CPU.Build.0 = Debug|Any CPU
		{5CEAE316-BC8D-4207-AB51-FA992E9D9BCC}.Release|Any CPU.ActiveCfg = Release|Any CPU
		{5CEAE316-BC8D-4207-AB51-FA992E9D9BCC}.Release|Any CPU.Build.0 = Release|Any CPU
		{DE162E16-AE0C-4851-8078-D5BB5AA79837}.Debug|Any CPU.ActiveCfg = Debug|Any CPU
		{DE162E16-AE0C-4851-8078-D5BB5AA79837}.Debug|Any CPU.Build.0 = Debug|Any CPU
		{DE162E16-AE0C-4851-8078-D5BB5AA79837}.Release|Any CPU.ActiveCfg = Release|Any CPU
		{DE162E16-AE0C-4851-8078-D5BB5AA79837}.Release|Any CPU.Build.0 = Release|Any CPU
		{322D8CF7-9EC7-4221-A0FE-0A9815722C19}.Debug|Any CPU.ActiveCfg = Debug|Any CPU
		{322D8CF7-9EC7-4221-A0FE-0A9815722C19}.Debug|Any CPU.Build.0 = Debug|Any CPU
		{322D8CF7-9EC7-4221-A0FE-0A9815722C19}.Release|Any CPU.ActiveCfg = Release|Any CPU
		{322D8CF7-9EC7-4221-A0FE-0A9815722C19}.Release|Any CPU.Build.0 = Release|Any CPU
		{F045E29D-B31B-41BC-918E-03B5B2EA31CE}.Debug|Any CPU.ActiveCfg = Debug|Any CPU
		{F045E29D-B31B-41BC-918E-03B5B2EA31CE}.Debug|Any CPU.Build.0 = Debug|Any CPU
		{F045E29D-B31B-41BC-918E-03B5B2EA31CE}.Release|Any CPU.ActiveCfg = Release|Any CPU
		{F045E29D-B31B-41BC-918E-03B5B2EA31CE}.Release|Any CPU.Build.0 = Release|Any CPU
		{262C1115-C8BB-4C73-8E34-7B6974907E55}.Debug|Any CPU.ActiveCfg = Debug|Any CPU
		{262C1115-C8BB-4C73-8E34-7B6974907E55}.Debug|Any CPU.Build.0 = Debug|Any CPU
		{262C1115-C8BB-4C73-8E34-7B6974907E55}.Release|Any CPU.ActiveCfg = Release|Any CPU
		{262C1115-C8BB-4C73-8E34-7B6974907E55}.Release|Any CPU.Build.0 = Release|Any CPU
		{8A370985-C7A2-4443-A388-2E4B7DFB7089}.Debug|Any CPU.ActiveCfg = Debug|Any CPU
		{8A370985-C7A2-4443-A388-2E4B7DFB7089}.Debug|Any CPU.Build.0 = Debug|Any CPU
		{8A370985-C7A2-4443-A388-2E4B7DFB7089}.Release|Any CPU.ActiveCfg = Release|Any CPU
		{8A370985-C7A2-4443-A388-2E4B7DFB7089}.Release|Any CPU.Build.0 = Release|Any CPU
		{6C00FF2B-DB14-4CAC-BA1A-1B1B0CDC23F4}.Debug|Any CPU.ActiveCfg = Debug|Any CPU
		{6C00FF2B-DB14-4CAC-BA1A-1B1B0CDC23F4}.Debug|Any CPU.Build.0 = Debug|Any CPU
		{6C00FF2B-DB14-4CAC-BA1A-1B1B0CDC23F4}.Release|Any CPU.ActiveCfg = Release|Any CPU
		{6C00FF2B-DB14-4CAC-BA1A-1B1B0CDC23F4}.Release|Any CPU.Build.0 = Release|Any CPU
		{376DB155-0CBA-4CAB-9512-F9DD2C1F32BB}.Debug|Any CPU.ActiveCfg = Debug|Any CPU
		{376DB155-0CBA-4CAB-9512-F9DD2C1F32BB}.Debug|Any CPU.Build.0 = Debug|Any CPU
		{376DB155-0CBA-4CAB-9512-F9DD2C1F32BB}.Release|Any CPU.ActiveCfg = Release|Any CPU
		{376DB155-0CBA-4CAB-9512-F9DD2C1F32BB}.Release|Any CPU.Build.0 = Release|Any CPU
		{08363F99-66A3-4B36-B643-2BB0311D041B}.Debug|Any CPU.ActiveCfg = Debug|Any CPU
		{08363F99-66A3-4B36-B643-2BB0311D041B}.Debug|Any CPU.Build.0 = Debug|Any CPU
		{08363F99-66A3-4B36-B643-2BB0311D041B}.Release|Any CPU.ActiveCfg = Release|Any CPU
		{08363F99-66A3-4B36-B643-2BB0311D041B}.Release|Any CPU.Build.0 = Release|Any CPU
		{CCFDF0DE-0F32-47A2-A2D5-626B0812BC6E}.Debug|Any CPU.ActiveCfg = Debug|Any CPU
		{CCFDF0DE-0F32-47A2-A2D5-626B0812BC6E}.Debug|Any CPU.Build.0 = Debug|Any CPU
		{CCFDF0DE-0F32-47A2-A2D5-626B0812BC6E}.Release|Any CPU.ActiveCfg = Release|Any CPU
		{CCFDF0DE-0F32-47A2-A2D5-626B0812BC6E}.Release|Any CPU.Build.0 = Release|Any CPU
		{C435CBAB-E625-4354-9C8D-3A94DA47039E}.Debug|Any CPU.ActiveCfg = Debug|Any CPU
		{C435CBAB-E625-4354-9C8D-3A94DA47039E}.Debug|Any CPU.Build.0 = Debug|Any CPU
		{C435CBAB-E625-4354-9C8D-3A94DA47039E}.Release|Any CPU.ActiveCfg = Release|Any CPU
		{C435CBAB-E625-4354-9C8D-3A94DA47039E}.Release|Any CPU.Build.0 = Release|Any CPU
		{321B3206-60DC-4CE4-A2F8-1932C5687064}.Debug|Any CPU.ActiveCfg = Debug|Any CPU
		{321B3206-60DC-4CE4-A2F8-1932C5687064}.Debug|Any CPU.Build.0 = Debug|Any CPU
		{321B3206-60DC-4CE4-A2F8-1932C5687064}.Release|Any CPU.ActiveCfg = Release|Any CPU
		{321B3206-60DC-4CE4-A2F8-1932C5687064}.Release|Any CPU.Build.0 = Release|Any CPU
	EndGlobalSection
	GlobalSection(SolutionProperties) = preSolution
		HideSolutionNode = FALSE
	EndGlobalSection
	GlobalSection(ExtensibilityGlobals) = postSolution
		SolutionGuid = {3F96D4AC-B285-4AA1-B23F-F2C6EC0A2D62}
	EndGlobalSection
EndGlobal
